
Microsoft Visual Studio Solution File, Format Version 12.00
# Visual Studio 15
VisualStudioVersion = 15.0.27130.2036
MinimumVisualStudioVersion = 10.0.40219.1
Project("{FAE04EC0-301F-11D3-BF4B-00C04F79EFBC}") = "StringUniqueCharacters", "StringUniqueCharacters\StringUniqueCharacters.csproj", "{8283B0B5-B855-4F60-9091-017B9A34285D}"
EndProject
Global
	GlobalSection(SolutionConfigurationPlatforms) = preSolution
		Debug|Any CPU = Debug|Any CPU
		Release|Any CPU = Release|Any CPU
	EndGlobalSection
	GlobalSection(ProjectConfigurationPlatforms) = postSolution
		{8283B0B5-B855-4F60-9091-017B9A34285D}.Debug|Any CPU.ActiveCfg = Debug|Any CPU
		{8283B0B5-B855-4F60-9091-017B9A34285D}.Debug|Any CPU.Build.0 = Debug|Any CPU
		{8283B0B5-B855-4F60-9091-017B9A34285D}.Release|Any CPU.ActiveCfg = Release|Any CPU
		{8283B0B5-B855-4F60-9091-017B9A34285D}.Release|Any CPU.Build.0 = Release|Any CPU
	EndGlobalSection
	GlobalSection(SolutionProperties) = preSolution
		HideSolutionNode = FALSE
	EndGlobalSection
	GlobalSection(ExtensibilityGlobals) = postSolution
		SolutionGuid = {3C05C7D5-0C45-4C08-85B8-44DA5B6C5C2D}
	EndGlobalSection
EndGlobal
